
Microsoft Visual Studio Solution File, Format Version 12.00
# Visual Studio Version 16
VisualStudioVersion = 16.0.31729.503
MinimumVisualStudioVersion = 10.0.40219.1
Project("{9A19103F-16F7-4668-BE54-9A1E7A4F7556}") = "MoodAnalyzerProblem", "MoodAnalyzerProblem\MoodAnalyzerProblem.csproj", "{098AF993-3201-4D5B-AA8B-2D8CD2966B98}"
EndProject
Project("{9A19103F-16F7-4668-BE54-9A1E7A4F7556}") = "CheckUnitTestCase", "CheckUnitTestCase\CheckUnitTestCase.csproj", "{672BE4F4-4DED-4FF0-B16C-B316B3CA16BB}"
EndProject
Project("{2150E333-8FDC-42A3-9474-1A3956D46DE8}") = "Solution Items", "Solution Items", "{83511C58-F17D-4DBB-BCFF-5C502E733F49}"
	ProjectSection(SolutionItems) = preProject
		.editorconfig = .editorconfig
	EndProjectSection
EndProject
Global
	GlobalSection(SolutionConfigurationPlatforms) = preSolution
		Debug|Any CPU = Debug|Any CPU
		Release|Any CPU = Release|Any CPU
	EndGlobalSection
	GlobalSection(ProjectConfigurationPlatforms) = postSolution
		{098AF993-3201-4D5B-AA8B-2D8CD2966B98}.Debug|Any CPU.ActiveCfg = Debug|Any CPU
		{098AF993-3201-4D5B-AA8B-2D8CD2966B98}.Debug|Any CPU.Build.0 = Debug|Any CPU
		{098AF993-3201-4D5B-AA8B-2D8CD2966B98}.Release|Any CPU.ActiveCfg = Release|Any CPU
		{098AF993-3201-4D5B-AA8B-2D8CD2966B98}.Release|Any CPU.Build.0 = Release|Any CPU
		{672BE4F4-4DED-4FF0-B16C-B316B3CA16BB}.Debug|Any CPU.ActiveCfg = Debug|Any CPU
		{672BE4F4-4DED-4FF0-B16C-B316B3CA16BB}.Debug|Any CPU.Build.0 = Debug|Any CPU
		{672BE4F4-4DED-4FF0-B16C-B316B3CA16BB}.Release|Any CPU.ActiveCfg = Release|Any CPU
		{672BE4F4-4DED-4FF0-B16C-B316B3CA16BB}.Release|Any CPU.Build.0 = Release|Any CPU
	EndGlobalSection
	GlobalSection(SolutionProperties) = preSolution
		HideSolutionNode = FALSE
	EndGlobalSection
	GlobalSection(ExtensibilityGlobals) = postSolution
		SolutionGuid = {5363324B-618B-4E49-8979-C2937066E00E}
	EndGlobalSection
EndGlobal
